
Microsoft Visual Studio Solution File, Format Version 12.00
# Visual Studio Version 16
VisualStudioVersion = 16.0.30011.22
MinimumVisualStudioVersion = 10.0.40219.1
Project("{FAE04EC0-301F-11D3-BF4B-00C04F79EFBC}") = "Calculator", "Calculator\Calculator.csproj", "{D70AAB20-9846-47C7-9D83-B06D11F0259A}"
EndProject
Project("{9A19103F-16F7-4668-BE54-9A1E7A4F7556}") = "Lab2", "..\Lab2\Lab2\Lab2.csproj", "{B4482C38-8D83-4CC9-9D3F-837D1B325998}"
EndProject
Global
	GlobalSection(SolutionConfigurationPlatforms) = preSolution
		Debug|Any CPU = Debug|Any CPU
		Release|Any CPU = Release|Any CPU
	EndGlobalSection
	GlobalSection(ProjectConfigurationPlatforms) = postSolution
		{D70AAB20-9846-47C7-9D83-B06D11F0259A}.Debug|Any CPU.ActiveCfg = Debug|Any CPU
		{D70AAB20-9846-47C7-9D83-B06D11F0259A}.Debug|Any CPU.Build.0 = Debug|Any CPU
		{D70AAB20-9846-47C7-9D83-B06D11F0259A}.Release|Any CPU.ActiveCfg = Release|Any CPU
		{D70AAB20-9846-47C7-9D83-B06D11F0259A}.Release|Any CPU.Build.0 = Release|Any CPU
		{B4482C38-8D83-4CC9-9D3F-837D1B325998}.Debug|Any CPU.ActiveCfg = Debug|Any CPU
		{B4482C38-8D83-4CC9-9D3F-837D1B325998}.Debug|Any CPU.Build.0 = Debug|Any CPU
		{B4482C38-8D83-4CC9-9D3F-837D1B325998}.Release|Any CPU.ActiveCfg = Release|Any CPU
		{B4482C38-8D83-4CC9-9D3F-837D1B325998}.Release|Any CPU.Build.0 = Release|Any CPU
	EndGlobalSection
	GlobalSection(SolutionProperties) = preSolution
		HideSolutionNode = FALSE
	EndGlobalSection
	GlobalSection(ExtensibilityGlobals) = postSolution
		SolutionGuid = {FBD4A85A-9BE0-4515-B97C-197FBC63A6C7}
	EndGlobalSection
EndGlobal
